{
    "hash": "3090ffa4b0a839bce77397ae1f04ab4e",
    "packages": [
        {
            "name": "j4mie/idiorm",
            "version": "dev-master",
            "source": {
                "type": "git",
                "url": "https://github.com/j4mie/idiorm",
                "reference": "v1.2.2"
            },
            "dist": {
                "type": "zip",
                "url": "https://github.com/j4mie/idiorm/archive/v1.2.2.zip",
                "reference": "v1.2.2",
                "shasum": ""
            },
            "require": {
                "php": ">=5.2.0"
            },
            "time": "2012-11-15 16:52:47",
            "type": "library",
            "installation-source": "source",
            "autoload": {
                "files": [
                    "idiorm.php"
                ]
            },
            "license": [
                "BSD-2-Clause",
                "BSD-3-Clause",
                "BSD-4-Clause"
            ],
            "authors": [
                {
                    "name": "Simon Holywell",
                    "email": "treffynnon@php.net",
                    "homepage": "http://simonholywell.com",
                    "role": "Maintainer"
                },
                {
                    "name": "Jamie Matthews",
                    "email": "jamie.matthews@gmail.com",
                    "homepage": "http://j4mie.org",
                    "role": "Developer"
                },
                {
                    "name": "Durham Hale",
                    "email": "me@durhamhale.com",
                    "homepage": "http://durhamhale.com",
                    "role": "Maintainer"
                }
            ],
            "description": "A lightweight nearly-zero-configuration object-relational mapper and fluent query builder for PHP5",
            "homepage": "http://j4mie.github.com/idiormandparis",
            "keywords": [
                "orm",
                "query builder",
                "idiorm"
            ]
        }
    ],
    "packages-dev": null,
    "aliases": [

    ],
    "minimum-stability": "dev",
    "stability-flags": {
        "j4mie/idiorm": 20
    }
}
