{
    "hash": "96bfd2f3166e6b16739784bdc9c49292",
    "packages": [
        {
            "name": "j4mie/idiorm",
            "version": "dev-master",
            "source": {
                "type": "git",
                "url": "https://github.com/j4mie/idiorm",
                "reference": "v1.2.2"
            },
            "dist": {
                "type": "zip",
                "url": "https://github.com/j4mie/idiorm/archive/v1.2.2.zip",
                "reference": "v1.2.2",
                "shasum": ""
            },
            "require": {
                "php": ">=5.2.0"
            },
            "time": "2012-11-15 16:52:47",
            "type": "library",
            "installation-source": "source",
            "autoload": {
                "files": [
                    "idiorm.php"
                ]
            },
            "license": [
                "BSD-2-Clause",
                "BSD-3-Clause",
                "BSD-4-Clause"
            ],
            "authors": [
                {
                    "name": "Simon Holywell",
                    "email": "treffynnon@php.net",
                    "homepage": "http://simonholywell.com",
                    "role": "Maintainer"
                },
                {
                    "name": "Jamie Matthews",
                    "email": "jamie.matthews@gmail.com",
                    "homepage": "http://j4mie.org",
                    "role": "Developer"
                },
                {
                    "name": "Durham Hale",
                    "email": "me@durhamhale.com",
                    "homepage": "http://durhamhale.com",
                    "role": "Maintainer"
                }
            ],
            "description": "A lightweight nearly-zero-configuration object-relational mapper and fluent query builder for PHP5",
            "homepage": "http://j4mie.github.com/idiormandparis",
            "keywords": [
                "orm",
                "query builder",
                "idiorm"
            ]
        },
        {
            "name": "phpwax/behaviours",
            "version": "dev-master",
            "target-dir": "Wax/Behaviours",
            "source": {
                "type": "git",
                "url": "http://github.com/phpwax/behaviours",
                "reference": "fae120b6ef27e360730f38997a5c887f87793030"
            },
            "dist": {
                "type": "zip",
                "url": "https://github.com/phpwax/behaviours/archive/fae120b6ef27e360730f38997a5c887f87793030.zip",
                "reference": "fae120b6ef27e360730f38997a5c887f87793030",
                "shasum": ""
            },
            "require": {
                "php": ">=5.3.3"
            },
            "time": "2012-11-26 10:46:59",
            "type": "library",
            "extra": {
                "branch-alias": {
                    "dev-master": "1.0.x-dev"
                }
            },
            "installation-source": "source",
            "autoload": {
                "psr-0": {
                    "Wax\\Behaviours": ""
                }
            },
            "license": [
                "MIT"
            ],
            "authors": [
                {
                    "name": "Ross Riley",
                    "email": "ross@oneblackbear.com"
                }
            ],
            "description": "Wax Standard Behaviours Component",
            "homepage": "http://php-wax.com"
        }
    ],
    "packages-dev": null,
    "aliases": [

    ],
    "minimum-stability": "dev",
    "stability-flags": {
        "j4mie/idiorm": 20,
        "phpwax/behaviours": 20
    }
}
